
Microsoft Visual Studio Solution File, Format Version 12.00
# Visual Studio 15
VisualStudioVersion = 15.0.28307.489
MinimumVisualStudioVersion = 10.0.40219.1
Project("{8BC9CEB8-8B4A-11D0-8D11-00A0C91BC942}") = "JAApp", "JAApp\JAApp.vcxproj", "{C8D658E7-7B0C-4EDD-B288-D7F9B161ACC1}"
	ProjectSection(ProjectDependencies) = postProject
		{27EEA7A0-04A3-4753-80EE-2B7139B36F2A} = {27EEA7A0-04A3-4753-80EE-2B7139B36F2A}
	EndProjectSection
EndProject
Project("{8BC9CEB8-8B4A-11D0-8D11-00A0C91BC942}") = "JADll", "JADll\JADll.vcxproj", "{27EEA7A0-04A3-4753-80EE-2B7139B36F2A}"
EndProject
Global
	GlobalSection(SolutionConfigurationPlatforms) = preSolution
		Debug|x64 = Debug|x64
		Debug|x86 = Debug|x86
		Release|x64 = Release|x64
		Release|x86 = Release|x86
	EndGlobalSection
	GlobalSection(ProjectConfigurationPlatforms) = postSolution
		{C8D658E7-7B0C-4EDD-B288-D7F9B161ACC1}.Debug|x64.ActiveCfg = Debug|x64
		{C8D658E7-7B0C-4EDD-B288-D7F9B161ACC1}.Debug|x64.Build.0 = Debug|x64
		{C8D658E7-7B0C-4EDD-B288-D7F9B161ACC1}.Debug|x86.ActiveCfg = Debug|Win32
		{C8D658E7-7B0C-4EDD-B288-D7F9B161ACC1}.Debug|x86.Build.0 = Debug|Win32
		{C8D658E7-7B0C-4EDD-B288-D7F9B161ACC1}.Release|x64.ActiveCfg = Release|x64
		{C8D658E7-7B0C-4EDD-B288-D7F9B161ACC1}.Release|x64.Build.0 = Release|x64
		{C8D658E7-7B0C-4EDD-B288-D7F9B161ACC1}.Release|x86.ActiveCfg = Release|Win32
		{C8D658E7-7B0C-4EDD-B288-D7F9B161ACC1}.Release|x86.Build.0 = Release|Win32
		{27EEA7A0-04A3-4753-80EE-2B7139B36F2A}.Debug|x64.ActiveCfg = Debug|x64
		{27EEA7A0-04A3-4753-80EE-2B7139B36F2A}.Debug|x64.Build.0 = Debug|x64
		{27EEA7A0-04A3-4753-80EE-2B7139B36F2A}.Debug|x86.ActiveCfg = Debug|Win32
		{27EEA7A0-04A3-4753-80EE-2B7139B36F2A}.Debug|x86.Build.0 = Debug|Win32
		{27EEA7A0-04A3-4753-80EE-2B7139B36F2A}.Release|x64.ActiveCfg = Release|x64
		{27EEA7A0-04A3-4753-80EE-2B7139B36F2A}.Release|x64.Build.0 = Release|x64
		{27EEA7A0-04A3-4753-80EE-2B7139B36F2A}.Release|x86.ActiveCfg = Release|Win32
		{27EEA7A0-04A3-4753-80EE-2B7139B36F2A}.Release|x86.Build.0 = Release|Win32
	EndGlobalSection
	GlobalSection(SolutionProperties) = preSolution
		HideSolutionNode = FALSE
	EndGlobalSection
	GlobalSection(ExtensibilityGlobals) = postSolution
		SolutionGuid = {E11E115A-1CE7-40E6-9C19-31621DC479A7}
	EndGlobalSection
EndGlobal
